
Microsoft Visual Studio Solution File, Format Version 12.00
# Visual Studio 2013
VisualStudioVersion = 12.0.21005.1
MinimumVisualStudioVersion = 10.0.40219.1
Project("{FAE04EC0-301F-11D3-BF4B-00C04F79EFBC}") = "PronadjiUBanovcima", "PronadjiUBanovcima\PronadjiUBanovcima.csproj", "{B54C4722-E268-4FDC-95D1-E8C02071D172}"
EndProject
Project("{FAE04EC0-301F-11D3-BF4B-00C04F79EFBC}") = "PronadjiUBanovcima.Tests", "PronadjiUBanovcima.Tests\PronadjiUBanovcima.Tests.csproj", "{662590F5-C70A-45EC-8574-95876FD87AFB}"
EndProject
Global
	GlobalSection(SolutionConfigurationPlatforms) = preSolution
		Debug|Any CPU = Debug|Any CPU
		Release|Any CPU = Release|Any CPU
	EndGlobalSection
	GlobalSection(ProjectConfigurationPlatforms) = postSolution
		{B54C4722-E268-4FDC-95D1-E8C02071D172}.Debug|Any CPU.ActiveCfg = Debug|Any CPU
		{B54C4722-E268-4FDC-95D1-E8C02071D172}.Debug|Any CPU.Build.0 = Debug|Any CPU
		{B54C4722-E268-4FDC-95D1-E8C02071D172}.Release|Any CPU.ActiveCfg = Release|Any CPU
		{B54C4722-E268-4FDC-95D1-E8C02071D172}.Release|Any CPU.Build.0 = Release|Any CPU
		{662590F5-C70A-45EC-8574-95876FD87AFB}.Debug|Any CPU.ActiveCfg = Debug|Any CPU
		{662590F5-C70A-45EC-8574-95876FD87AFB}.Debug|Any CPU.Build.0 = Debug|Any CPU
		{662590F5-C70A-45EC-8574-95876FD87AFB}.Release|Any CPU.ActiveCfg = Release|Any CPU
		{662590F5-C70A-45EC-8574-95876FD87AFB}.Release|Any CPU.Build.0 = Release|Any CPU
	EndGlobalSection
	GlobalSection(SolutionProperties) = preSolution
		HideSolutionNode = FALSE
	EndGlobalSection
EndGlobal
